// !$*UTF8*$!
{
	archiveVersion = 1;
	classes = {
	};
	objectVersion = 51;
	objects = {

/* Begin PBXBuildFile section */
		0C56012691953F2324AA8858 /* Pods_InstargramApp.framework in Frameworks */ = {isa = PBXBuildFile; fileRef = DECF19DA0CB9A2C200A872AA /* Pods_InstargramApp.framework */; };
		20E2F12C3780935EEF767904 /* Pods_InstargramApp_InstargramAppUITests.framework in Frameworks */ = {isa = PBXBuildFile; fileRef = 98ADB92449CE00133C5EFF4F /* Pods_InstargramApp_InstargramAppUITests.framework */; };
		4896B74A245676F20025CDD7 /* MainHome.storyboard in Resources */ = {isa = PBXBuildFile; fileRef = 4896B748245676F20025CDD7 /* MainHome.storyboard */; };
		4896B74B245676F20025CDD7 /* MainHome.storyboard in Resources */ = {isa = PBXBuildFile; fileRef = 4896B748245676F20025CDD7 /* MainHome.storyboard */; };
		4896B74C245676F20025CDD7 /* MainHome.storyboard in Resources */ = {isa = PBXBuildFile; fileRef = 4896B748245676F20025CDD7 /* MainHome.storyboard */; };
		B191B6D56D3D5071C63B4112 /* Pods_InstargramAppTests.framework in Frameworks */ = {isa = PBXBuildFile; fileRef = 873484CFC57822B4CB907160 /* Pods_InstargramAppTests.framework */; };
		B530D2F724548E9E005F1EE9 /* HomeViewController.swift in Sources */ = {isa = PBXBuildFile; fileRef = B530D2F624548E9E005F1EE9 /* HomeViewController.swift */; };
		B530D2F924548EBB005F1EE9 /* DiscoverViewController.swift in Sources */ = {isa = PBXBuildFile; fileRef = B530D2F824548EBB005F1EE9 /* DiscoverViewController.swift */; };
		B530D2FE24548F0B005F1EE9 /* CameraViewController.swift in Sources */ = {isa = PBXBuildFile; fileRef = B530D2FD24548F0B005F1EE9 /* CameraViewController.swift */; };
		B530D30024548F1D005F1EE9 /* ActivityViewController.swift in Sources */ = {isa = PBXBuildFile; fileRef = B530D2FF24548F1D005F1EE9 /* ActivityViewController.swift */; };
		B530D30224548F2D005F1EE9 /* ProfileViewController.swift in Sources */ = {isa = PBXBuildFile; fileRef = B530D30124548F2D005F1EE9 /* ProfileViewController.swift */; };
		B537F47A244F0F3B006EFC8E /* SignUpViewController.swift in Sources */ = {isa = PBXBuildFile; fileRef = B537F479244F0F3B006EFC8E /* SignUpViewController.swift */; };
		B5979C142448740E004A2375 /* AppDelegate.swift in Sources */ = {isa = PBXBuildFile; fileRef = B5979C132448740E004A2375 /* AppDelegate.swift */; };
		B5979C162448740E004A2375 /* SceneDelegate.swift in Sources */ = {isa = PBXBuildFile; fileRef = B5979C152448740E004A2375 /* SceneDelegate.swift */; };
		B5979C182448740E004A2375 /* LoginViewController.swift in Sources */ = {isa = PBXBuildFile; fileRef = B5979C172448740E004A2375 /* LoginViewController.swift */; };
		B5979C1E2448740E004A2375 /* InstargramApp.xcdatamodeld in Sources */ = {isa = PBXBuildFile; fileRef = B5979C1C2448740E004A2375 /* InstargramApp.xcdatamodeld */; };
		B5979C2024487411004A2375 /* Assets.xcassets in Resources */ = {isa = PBXBuildFile; fileRef = B5979C1F24487411004A2375 /* Assets.xcassets */; };
		B5979C2324487411004A2375 /* LaunchScreen.storyboard in Resources */ = {isa = PBXBuildFile; fileRef = B5979C2124487411004A2375 /* LaunchScreen.storyboard */; };
		B5979C2E24487412004A2375 /* InstargramAppTests.swift in Sources */ = {isa = PBXBuildFile; fileRef = B5979C2D24487412004A2375 /* InstargramAppTests.swift */; };
		B5979C3924487412004A2375 /* InstargramAppUITests.swift in Sources */ = {isa = PBXBuildFile; fileRef = B5979C3824487412004A2375 /* InstargramAppUITests.swift */; };
/* End PBXBuildFile section */

/* Begin PBXContainerItemProxy section */
		B5979C2A24487412004A2375 /* PBXContainerItemProxy */ = {
			isa = PBXContainerItemProxy;
			containerPortal = B5979C082448740E004A2375 /* Project object */;
			proxyType = 1;
			remoteGlobalIDString = B5979C0F2448740E004A2375;
			remoteInfo = InstargramApp;
		};
		B5979C3524487412004A2375 /* PBXContainerItemProxy */ = {
			isa = PBXContainerItemProxy;
			containerPortal = B5979C082448740E004A2375 /* Project object */;
			proxyType = 1;
			remoteGlobalIDString = B5979C0F2448740E004A2375;
			remoteInfo = InstargramApp;
		};
/* End PBXContainerItemProxy section */

/* Begin PBXFileReference section */
		3DD07E83588E5AA4D08EBC43 /* Pods-InstargramApp.release.xcconfig */ = {isa = PBXFileReference; includeInIndex = 1; lastKnownFileType = text.xcconfig; name = "Pods-InstargramApp.release.xcconfig"; path = "Target Support Files/Pods-InstargramApp/Pods-InstargramApp.release.xcconfig"; sourceTree = "<group>"; };
		3E3889CFF24CAAC2042C1478 /* Pods-InstargramApp.debug.xcconfig */ = {isa = PBXFileReference; includeInIndex = 1; lastKnownFileType = text.xcconfig; name = "Pods-InstargramApp.debug.xcconfig"; path = "Target Support Files/Pods-InstargramApp/Pods-InstargramApp.debug.xcconfig"; sourceTree = "<group>"; };
		4896B749245676F20025CDD7 /* Base */ = {isa = PBXFileReference; lastKnownFileType = file.storyboard; name = Base; path = Base.lproj/MainHome.storyboard; sourceTree = "<group>"; };
		532FD3E2500719A5F9C18FA8 /* Pods-InstargramAppTests.debug.xcconfig */ = {isa = PBXFileReference; includeInIndex = 1; lastKnownFileType = text.xcconfig; name = "Pods-InstargramAppTests.debug.xcconfig"; path = "Target Support Files/Pods-InstargramAppTests/Pods-InstargramAppTests.debug.xcconfig"; sourceTree = "<group>"; };
		81FD839871A6208C61D56C71 /* Pods-InstargramApp-InstargramAppUITests.debug.xcconfig */ = {isa = PBXFileReference; includeInIndex = 1; lastKnownFileType = text.xcconfig; name = "Pods-InstargramApp-InstargramAppUITests.debug.xcconfig"; path = "Target Support Files/Pods-InstargramApp-InstargramAppUITests/Pods-InstargramApp-InstargramAppUITests.debug.xcconfig"; sourceTree = "<group>"; };
		873484CFC57822B4CB907160 /* Pods_InstargramAppTests.framework */ = {isa = PBXFileReference; explicitFileType = wrapper.framework; includeInIndex = 0; path = Pods_InstargramAppTests.framework; sourceTree = BUILT_PRODUCTS_DIR; };
		8C3C3A728D1FEA219C2036DC /* Pods-InstargramAppTests.release.xcconfig */ = {isa = PBXFileReference; includeInIndex = 1; lastKnownFileType = text.xcconfig; name = "Pods-InstargramAppTests.release.xcconfig"; path = "Target Support Files/Pods-InstargramAppTests/Pods-InstargramAppTests.release.xcconfig"; sourceTree = "<group>"; };
		98ADB92449CE00133C5EFF4F /* Pods_InstargramApp_InstargramAppUITests.framework */ = {isa = PBXFileReference; explicitFileType = wrapper.framework; includeInIndex = 0; path = Pods_InstargramApp_InstargramAppUITests.framework; sourceTree = BUILT_PRODUCTS_DIR; };
		B530D2F624548E9E005F1EE9 /* HomeViewController.swift */ = {isa = PBXFileReference; lastKnownFileType = sourcecode.swift; path = HomeViewController.swift; sourceTree = "<group>"; };
		B530D2F824548EBB005F1EE9 /* DiscoverViewController.swift */ = {isa = PBXFileReference; lastKnownFileType = sourcecode.swift; path = DiscoverViewController.swift; sourceTree = "<group>"; };
		B530D2FD24548F0B005F1EE9 /* CameraViewController.swift */ = {isa = PBXFileReference; lastKnownFileType = sourcecode.swift; path = CameraViewController.swift; sourceTree = "<group>"; };
		B530D2FF24548F1D005F1EE9 /* ActivityViewController.swift */ = {isa = PBXFileReference; lastKnownFileType = sourcecode.swift; path = ActivityViewController.swift; sourceTree = "<group>"; };
		B530D30124548F2D005F1EE9 /* ProfileViewController.swift */ = {isa = PBXFileReference; lastKnownFileType = sourcecode.swift; path = ProfileViewController.swift; sourceTree = "<group>"; };
		B537F479244F0F3B006EFC8E /* SignUpViewController.swift */ = {isa = PBXFileReference; lastKnownFileType = sourcecode.swift; path = SignUpViewController.swift; sourceTree = "<group>"; };
		B5979C102448740E004A2375 /* InstargramApp.app */ = {isa = PBXFileReference; explicitFileType = wrapper.application; includeInIndex = 0; path = InstargramApp.app; sourceTree = BUILT_PRODUCTS_DIR; };
		B5979C132448740E004A2375 /* AppDelegate.swift */ = {isa = PBXFileReference; lastKnownFileType = sourcecode.swift; path = AppDelegate.swift; sourceTree = "<group>"; };
		B5979C152448740E004A2375 /* SceneDelegate.swift */ = {isa = PBXFileReference; lastKnownFileType = sourcecode.swift; path = SceneDelegate.swift; sourceTree = "<group>"; };
		B5979C172448740E004A2375 /* LoginViewController.swift */ = {isa = PBXFileReference; lastKnownFileType = sourcecode.swift; path = LoginViewController.swift; sourceTree = "<group>"; };
		B5979C1D2448740E004A2375 /* InstargramApp.xcdatamodel */ = {isa = PBXFileReference; lastKnownFileType = wrapper.xcdatamodel; path = InstargramApp.xcdatamodel; sourceTree = "<group>"; };
		B5979C1F24487411004A2375 /* Assets.xcassets */ = {isa = PBXFileReference; lastKnownFileType = folder.assetcatalog; path = Assets.xcassets; sourceTree = "<group>"; };
		B5979C2224487411004A2375 /* Base */ = {isa = PBXFileReference; lastKnownFileType = file.storyboard; name = Base; path = Base.lproj/LaunchScreen.storyboard; sourceTree = "<group>"; };
		B5979C2424487411004A2375 /* Info.plist */ = {isa = PBXFileReference; lastKnownFileType = text.plist.xml; path = Info.plist; sourceTree = "<group>"; };
		B5979C2924487412004A2375 /* InstargramAppTests.xctest */ = {isa = PBXFileReference; explicitFileType = wrapper.cfbundle; includeInIndex = 0; path = InstargramAppTests.xctest; sourceTree = BUILT_PRODUCTS_DIR; };
		B5979C2D24487412004A2375 /* InstargramAppTests.swift */ = {isa = PBXFileReference; lastKnownFileType = sourcecode.swift; path = InstargramAppTests.swift; sourceTree = "<group>"; };
		B5979C2F24487412004A2375 /* Info.plist */ = {isa = PBXFileReference; lastKnownFileType = text.plist.xml; path = Info.plist; sourceTree = "<group>"; };
		B5979C3424487412004A2375 /* InstargramAppUITests.xctest */ = {isa = PBXFileReference; explicitFileType = wrapper.cfbundle; includeInIndex = 0; path = InstargramAppUITests.xctest; sourceTree = BUILT_PRODUCTS_DIR; };
		B5979C3824487412004A2375 /* InstargramAppUITests.swift */ = {isa = PBXFileReference; lastKnownFileType = sourcecode.swift; path = InstargramAppUITests.swift; sourceTree = "<group>"; };
		B5979C3A24487412004A2375 /* Info.plist */ = {isa = PBXFileReference; lastKnownFileType = text.plist.xml; path = Info.plist; sourceTree = "<group>"; };
		C93E27CEDAE0CB436B5C7FEE /* Pods-InstargramApp-InstargramAppUITests.release.xcconfig */ = {isa = PBXFileReference; includeInIndex = 1; lastKnownFileType = text.xcconfig; name = "Pods-InstargramApp-InstargramAppUITests.release.xcconfig"; path = "Target Support Files/Pods-InstargramApp-InstargramAppUITests/Pods-InstargramApp-InstargramAppUITests.release.xcconfig"; sourceTree = "<group>"; };
		DECF19DA0CB9A2C200A872AA /* Pods_InstargramApp.framework */ = {isa = PBXFileReference; explicitFileType = wrapper.framework; includeInIndex = 0; path = Pods_InstargramApp.framework; sourceTree = BUILT_PRODUCTS_DIR; };
/* End PBXFileReference section */

/* Begin PBXFrameworksBuildPhase section */
		B5979C0D2448740E004A2375 /* Frameworks */ = {
			isa = PBXFrameworksBuildPhase;
			buildActionMask = 2147483647;
			files = (
				0C56012691953F2324AA8858 /* Pods_InstargramApp.framework in Frameworks */,
			);
			runOnlyForDeploymentPostprocessing = 0;
		};
		B5979C2624487412004A2375 /* Frameworks */ = {
			isa = PBXFrameworksBuildPhase;
			buildActionMask = 2147483647;
			files = (
				B191B6D56D3D5071C63B4112 /* Pods_InstargramAppTests.framework in Frameworks */,
			);
			runOnlyForDeploymentPostprocessing = 0;
		};
		B5979C3124487412004A2375 /* Frameworks */ = {
			isa = PBXFrameworksBuildPhase;
			buildActionMask = 2147483647;
			files = (
				20E2F12C3780935EEF767904 /* Pods_InstargramApp_InstargramAppUITests.framework in Frameworks */,
			);
			runOnlyForDeploymentPostprocessing = 0;
		};
/* End PBXFrameworksBuildPhase section */

/* Begin PBXGroup section */
		89DC5BD29F888A3F9BE7C023 /* Pods */ = {
			isa = PBXGroup;
			children = (
				3E3889CFF24CAAC2042C1478 /* Pods-InstargramApp.debug.xcconfig */,
				3DD07E83588E5AA4D08EBC43 /* Pods-InstargramApp.release.xcconfig */,
				81FD839871A6208C61D56C71 /* Pods-InstargramApp-InstargramAppUITests.debug.xcconfig */,
				C93E27CEDAE0CB436B5C7FEE /* Pods-InstargramApp-InstargramAppUITests.release.xcconfig */,
				532FD3E2500719A5F9C18FA8 /* Pods-InstargramAppTests.debug.xcconfig */,
				8C3C3A728D1FEA219C2036DC /* Pods-InstargramAppTests.release.xcconfig */,
			);
			path = Pods;
			sourceTree = "<group>";
		};
		B530D2F424548E40005F1EE9 /* Discover */ = {
			isa = PBXGroup;
			children = (
				B530D2F824548EBB005F1EE9 /* DiscoverViewController.swift */,
			);
			path = Discover;
			sourceTree = "<group>";
		};
		B530D2F524548E76005F1EE9 /* Home */ = {
			isa = PBXGroup;
			children = (
				B530D2F624548E9E005F1EE9 /* HomeViewController.swift */,
			);
			path = Home;
			sourceTree = "<group>";
		};
		B530D2FA24548EE5005F1EE9 /* Camera */ = {
			isa = PBXGroup;
			children = (
				B530D2FD24548F0B005F1EE9 /* CameraViewController.swift */,
			);
			path = Camera;
			sourceTree = "<group>";
		};
		B530D2FB24548EEF005F1EE9 /* Activity */ = {
			isa = PBXGroup;
			children = (
				B530D2FF24548F1D005F1EE9 /* ActivityViewController.swift */,
			);
			path = Activity;
			sourceTree = "<group>";
		};
		B530D2FC24548EF8005F1EE9 /* Profile */ = {
			isa = PBXGroup;
			children = (
				B530D30124548F2D005F1EE9 /* ProfileViewController.swift */,
			);
			path = Profile;
			sourceTree = "<group>";
		};
		B560836E244E17DA0084885D /* ViewControllers */ = {
			isa = PBXGroup;
			children = (
				B530D2FC24548EF8005F1EE9 /* Profile */,
				B530D2FB24548EEF005F1EE9 /* Activity */,
				B530D2FA24548EE5005F1EE9 /* Camera */,
				B530D2F524548E76005F1EE9 /* Home */,
				B530D2F424548E40005F1EE9 /* Discover */,
				B560836F244E17F80084885D /* Login */,
			);
			name = ViewControllers;
			sourceTree = "<group>";
		};
		B560836F244E17F80084885D /* Login */ = {
			isa = PBXGroup;
			children = (
				B5979C172448740E004A2375 /* LoginViewController.swift */,
				B537F479244F0F3B006EFC8E /* SignUpViewController.swift */,
			);
			path = Login;
			sourceTree = "<group>";
		};
		B5979C072448740E004A2375 = {
			isa = PBXGroup;
			children = (
				B5979C122448740E004A2375 /* InstargramApp */,
				B5979C2C24487412004A2375 /* InstargramAppTests */,
				B5979C3724487412004A2375 /* InstargramAppUITests */,
				B5979C112448740E004A2375 /* Products */,
				89DC5BD29F888A3F9BE7C023 /* Pods */,
				F74634FB9DF499862D3A9115 /* Frameworks */,
			);
			sourceTree = "<group>";
		};
		B5979C112448740E004A2375 /* Products */ = {
			isa = PBXGroup;
			children = (
				B5979C102448740E004A2375 /* InstargramApp.app */,
				B5979C2924487412004A2375 /* InstargramAppTests.xctest */,
				B5979C3424487412004A2375 /* InstargramAppUITests.xctest */,
			);
			name = Products;
			sourceTree = "<group>";
		};
		B5979C122448740E004A2375 /* InstargramApp */ = {
			isa = PBXGroup;
			children = (
				B560836E244E17DA0084885D /* ViewControllers */,
				B5979C132448740E004A2375 /* AppDelegate.swift */,
				B5979C152448740E004A2375 /* SceneDelegate.swift */,
				4896B748245676F20025CDD7 /* MainHome.storyboard */,
				B5979C1F24487411004A2375 /* Assets.xcassets */,
				B5979C2124487411004A2375 /* LaunchScreen.storyboard */,
				B5979C2424487411004A2375 /* Info.plist */,
				B5979C1C2448740E004A2375 /* InstargramApp.xcdatamodeld */,
			);
			path = InstargramApp;
			sourceTree = "<group>";
		};
		B5979C2C24487412004A2375 /* InstargramAppTests */ = {
			isa = PBXGroup;
			children = (
				B5979C2D24487412004A2375 /* InstargramAppTests.swift */,
				B5979C2F24487412004A2375 /* Info.plist */,
			);
			path = InstargramAppTests;
			sourceTree = "<group>";
		};
		B5979C3724487412004A2375 /* InstargramAppUITests */ = {
			isa = PBXGroup;
			children = (
				B5979C3824487412004A2375 /* InstargramAppUITests.swift */,
				B5979C3A24487412004A2375 /* Info.plist */,
			);
			path = InstargramAppUITests;
			sourceTree = "<group>";
		};
		F74634FB9DF499862D3A9115 /* Frameworks */ = {
			isa = PBXGroup;
			children = (
				DECF19DA0CB9A2C200A872AA /* Pods_InstargramApp.framework */,
				98ADB92449CE00133C5EFF4F /* Pods_InstargramApp_InstargramAppUITests.framework */,
				873484CFC57822B4CB907160 /* Pods_InstargramAppTests.framework */,
			);
			name = Frameworks;
			sourceTree = "<group>";
		};
/* End PBXGroup section */

/* Begin PBXNativeTarget section */
		B5979C0F2448740E004A2375 /* InstargramApp */ = {
			isa = PBXNativeTarget;
			buildConfigurationList = B5979C3D24487412004A2375 /* Build configuration list for PBXNativeTarget "InstargramApp" */;
			buildPhases = (
				F56E2954B8CAF30AA1F443DE /* [CP] Check Pods Manifest.lock */,
				B5979C0C2448740E004A2375 /* Sources */,
				B5979C0D2448740E004A2375 /* Frameworks */,
				B5979C0E2448740E004A2375 /* Resources */,
				EA793381DCE01AEB7DD10EBB /* [CP] Embed Pods Frameworks */,
			);
			buildRules = (
			);
			dependencies = (
			);
			name = InstargramApp;
			productName = InstargramApp;
			productReference = B5979C102448740E004A2375 /* InstargramApp.app */;
			productType = "com.apple.product-type.application";
		};
		B5979C2824487412004A2375 /* InstargramAppTests */ = {
			isa = PBXNativeTarget;
			buildConfigurationList = B5979C4024487412004A2375 /* Build configuration list for PBXNativeTarget "InstargramAppTests" */;
			buildPhases = (
				0A5E7EF7F05557AD8B5B6F8C /* [CP] Check Pods Manifest.lock */,
				B5979C2524487412004A2375 /* Sources */,
				B5979C2624487412004A2375 /* Frameworks */,
				B5979C2724487412004A2375 /* Resources */,
			);
			buildRules = (
			);
			dependencies = (
				B5979C2B24487412004A2375 /* PBXTargetDependency */,
			);
			name = InstargramAppTests;
			productName = InstargramAppTests;
			productReference = B5979C2924487412004A2375 /* InstargramAppTests.xctest */;
			productType = "com.apple.product-type.bundle.unit-test";
		};
		B5979C3324487412004A2375 /* InstargramAppUITests */ = {
			isa = PBXNativeTarget;
			buildConfigurationList = B5979C4324487412004A2375 /* Build configuration list for PBXNativeTarget "InstargramAppUITests" */;
			buildPhases = (
				47EDF764E20E6891DC2EFA1C /* [CP] Check Pods Manifest.lock */,
				B5979C3024487412004A2375 /* Sources */,
				B5979C3124487412004A2375 /* Frameworks */,
				B5979C3224487412004A2375 /* Resources */,
				206FF0CF518790330E44E7B5 /* [CP] Embed Pods Frameworks */,
			);
			buildRules = (
			);
			dependencies = (
				B5979C3624487412004A2375 /* PBXTargetDependency */,
			);
			name = InstargramAppUITests;
			productName = InstargramAppUITests;
			productReference = B5979C3424487412004A2375 /* InstargramAppUITests.xctest */;
			productType = "com.apple.product-type.bundle.ui-testing";
		};
/* End PBXNativeTarget section */

/* Begin PBXProject section */
		B5979C082448740E004A2375 /* Project object */ = {
			isa = PBXProject;
			attributes = {
				LastSwiftUpdateCheck = 1130;
				LastUpgradeCheck = 1130;
				ORGANIZATIONNAME = "Tuan Cuong";
				TargetAttributes = {
					B5979C0F2448740E004A2375 = {
						CreatedOnToolsVersion = 11.3.1;
					};
					B5979C2824487412004A2375 = {
						CreatedOnToolsVersion = 11.3.1;
						TestTargetID = B5979C0F2448740E004A2375;
					};
					B5979C3324487412004A2375 = {
						CreatedOnToolsVersion = 11.3.1;
						TestTargetID = B5979C0F2448740E004A2375;
					};
				};
			};
			buildConfigurationList = B5979C0B2448740E004A2375 /* Build configuration list for PBXProject "InstargramApp" */;
			compatibilityVersion = "Xcode 9.3";
			developmentRegion = en;
			hasScannedForEncodings = 0;
			knownRegions = (
				en,
				Base,
			);
			mainGroup = B5979C072448740E004A2375;
			productRefGroup = B5979C112448740E004A2375 /* Products */;
			projectDirPath = "";
			projectRoot = "";
			targets = (
				B5979C0F2448740E004A2375 /* InstargramApp */,
				B5979C2824487412004A2375 /* InstargramAppTests */,
				B5979C3324487412004A2375 /* InstargramAppUITests */,
			);
		};
/* End PBXProject section */

/* Begin PBXResourcesBuildPhase section */
		B5979C0E2448740E004A2375 /* Resources */ = {
			isa = PBXResourcesBuildPhase;
			buildActionMask = 2147483647;
			files = (
				4896B74A245676F20025CDD7 /* MainHome.storyboard in Resources */,
				B5979C2324487411004A2375 /* LaunchScreen.storyboard in Resources */,
				B5979C2024487411004A2375 /* Assets.xcassets in Resources */,
			);
			runOnlyForDeploymentPostprocessing = 0;
		};
		B5979C2724487412004A2375 /* Resources */ = {
			isa = PBXResourcesBuildPhase;
			buildActionMask = 2147483647;
			files = (
				4896B74B245676F20025CDD7 /* MainHome.storyboard in Resources */,
			);
			runOnlyForDeploymentPostprocessing = 0;
		};
		B5979C3224487412004A2375 /* Resources */ = {
			isa = PBXResourcesBuildPhase;
			buildActionMask = 2147483647;
			files = (
				4896B74C245676F20025CDD7 /* MainHome.storyboard in Resources */,
			);
			runOnlyForDeploymentPostprocessing = 0;
		};
/* End PBXResourcesBuildPhase section */

/* Begin PBXShellScriptBuildPhase section */
		0A5E7EF7F05557AD8B5B6F8C /* [CP] Check Pods Manifest.lock */ = {
			isa = PBXShellScriptBuildPhase;
			buildActionMask = 2147483647;
			files = (
			);
			inputFileListPaths = (
			);
			inputPaths = (
				"${PODS_PODFILE_DIR_PATH}/Podfile.lock",
				"${PODS_ROOT}/Manifest.lock",
			);
			name = "[CP] Check Pods Manifest.lock";
			outputFileListPaths = (
			);
			outputPaths = (
				"$(DERIVED_FILE_DIR)/Pods-InstargramAppTests-checkManifestLockResult.txt",
			);
			runOnlyForDeploymentPostprocessing = 0;
			shellPath = /bin/sh;
			shellScript = "diff \"${PODS_PODFILE_DIR_PATH}/Podfile.lock\" \"${PODS_ROOT}/Manifest.lock\" > /dev/null\nif [ $? != 0 ] ; then\n    # print error to STDERR\n    echo \"error: The sandbox is not in sync with the Podfile.lock. Run 'pod install' or update your CocoaPods installation.\" >&2\n    exit 1\nfi\n# This output is used by Xcode 'outputs' to avoid re-running this script phase.\necho \"SUCCESS\" > \"${SCRIPT_OUTPUT_FILE_0}\"\n";
			showEnvVarsInLog = 0;
		};
		206FF0CF518790330E44E7B5 /* [CP] Embed Pods Frameworks */ = {
			isa = PBXShellScriptBuildPhase;
			buildActionMask = 2147483647;
			files = (
			);
			inputFileListPaths = (
				"${PODS_ROOT}/Target Support Files/Pods-InstargramApp-InstargramAppUITests/Pods-InstargramApp-InstargramAppUITests-frameworks-${CONFIGURATION}-input-files.xcfilelist",
			);
			name = "[CP] Embed Pods Frameworks";
			outputFileListPaths = (
				"${PODS_ROOT}/Target Support Files/Pods-InstargramApp-InstargramAppUITests/Pods-InstargramApp-InstargramAppUITests-frameworks-${CONFIGURATION}-output-files.xcfilelist",
			);
			runOnlyForDeploymentPostprocessing = 0;
			shellPath = /bin/sh;
			shellScript = "\"${PODS_ROOT}/Target Support Files/Pods-InstargramApp-InstargramAppUITests/Pods-InstargramApp-InstargramAppUITests-frameworks.sh\"\n";
			showEnvVarsInLog = 0;
		};
		47EDF764E20E6891DC2EFA1C /* [CP] Check Pods Manifest.lock */ = {
			isa = PBXShellScriptBuildPhase;
			buildActionMask = 2147483647;
			files = (
			);
			inputFileListPaths = (
			);
			inputPaths = (
				"${PODS_PODFILE_DIR_PATH}/Podfile.lock",
				"${PODS_ROOT}/Manifest.lock",
			);
			name = "[CP] Check Pods Manifest.lock";
			outputFileListPaths = (
			);
			outputPaths = (
				"$(DERIVED_FILE_DIR)/Pods-InstargramApp-InstargramAppUITests-checkManifestLockResult.txt",
			);
			runOnlyForDeploymentPostprocessing = 0;
			shellPath = /bin/sh;
			shellScript = "diff \"${PODS_PODFILE_DIR_PATH}/Podfile.lock\" \"${PODS_ROOT}/Manifest.lock\" > /dev/null\nif [ $? != 0 ] ; then\n    # print error to STDERR\n    echo \"error: The sandbox is not in sync with the Podfile.lock. Run 'pod install' or update your CocoaPods installation.\" >&2\n    exit 1\nfi\n# This output is used by Xcode 'outputs' to avoid re-running this script phase.\necho \"SUCCESS\" > \"${SCRIPT_OUTPUT_FILE_0}\"\n";
			showEnvVarsInLog = 0;
		};
		EA793381DCE01AEB7DD10EBB /* [CP] Embed Pods Frameworks */ = {
			isa = PBXShellScriptBuildPhase;
			buildActionMask = 2147483647;
			files = (
			);
			inputFileListPaths = (
				"${PODS_ROOT}/Target Support Files/Pods-InstargramApp/Pods-InstargramApp-frameworks-${CONFIGURATION}-input-files.xcfilelist",
			);
			name = "[CP] Embed Pods Frameworks";
			outputFileListPaths = (
				"${PODS_ROOT}/Target Support Files/Pods-InstargramApp/Pods-InstargramApp-frameworks-${CONFIGURATION}-output-files.xcfilelist",
			);
			runOnlyForDeploymentPostprocessing = 0;
			shellPath = /bin/sh;
			shellScript = "\"${PODS_ROOT}/Target Support Files/Pods-InstargramApp/Pods-InstargramApp-frameworks.sh\"\n";
			showEnvVarsInLog = 0;
		};
		F56E2954B8CAF30AA1F443DE /* [CP] Check Pods Manifest.lock */ = {
			isa = PBXShellScriptBuildPhase;
			buildActionMask = 2147483647;
			files = (
			);
			inputFileListPaths = (
			);
			inputPaths = (
				"${PODS_PODFILE_DIR_PATH}/Podfile.lock",
				"${PODS_ROOT}/Manifest.lock",
			);
			name = "[CP] Check Pods Manifest.lock";
			outputFileListPaths = (
			);
			outputPaths = (
				"$(DERIVED_FILE_DIR)/Pods-InstargramApp-checkManifestLockResult.txt",
			);
			runOnlyForDeploymentPostprocessing = 0;
			shellPath = /bin/sh;
			shellScript = "diff \"${PODS_PODFILE_DIR_PATH}/Podfile.lock\" \"${PODS_ROOT}/Manifest.lock\" > /dev/null\nif [ $? != 0 ] ; then\n    # print error to STDERR\n    echo \"error: The sandbox is not in sync with the Podfile.lock. Run 'pod install' or update your CocoaPods installation.\" >&2\n    exit 1\nfi\n# This output is used by Xcode 'outputs' to avoid re-running this script phase.\necho \"SUCCESS\" > \"${SCRIPT_OUTPUT_FILE_0}\"\n";
			showEnvVarsInLog = 0;
		};
/* End PBXShellScriptBuildPhase section */

/* Begin PBXSourcesBuildPhase section */
		B5979C0C2448740E004A2375 /* Sources */ = {
			isa = PBXSourcesBuildPhase;
			buildActionMask = 2147483647;
			files = (
				B5979C182448740E004A2375 /* LoginViewController.swift in Sources */,
				B5979C142448740E004A2375 /* AppDelegate.swift in Sources */,
				B530D30224548F2D005F1EE9 /* ProfileViewController.swift in Sources */,
				B530D2F924548EBB005F1EE9 /* DiscoverViewController.swift in Sources */,
				B5979C162448740E004A2375 /* SceneDelegate.swift in Sources */,
				B530D30024548F1D005F1EE9 /* ActivityViewController.swift in Sources */,
				B5979C1E2448740E004A2375 /* InstargramApp.xcdatamodeld in Sources */,
				B530D2FE24548F0B005F1EE9 /* CameraViewController.swift in Sources */,
				B537F47A244F0F3B006EFC8E /* SignUpViewController.swift in Sources */,
				B530D2F724548E9E005F1EE9 /* HomeViewController.swift in Sources */,
			);
			runOnlyForDeploymentPostprocessing = 0;
		};
		B5979C2524487412004A2375 /* Sources */ = {
			isa = PBXSourcesBuildPhase;
			buildActionMask = 2147483647;
			files = (
				B5979C2E24487412004A2375 /* InstargramAppTests.swift in Sources */,
			);
			runOnlyForDeploymentPostprocessing = 0;
		};
		B5979C3024487412004A2375 /* Sources */ = {
			isa = PBXSourcesBuildPhase;
			buildActionMask = 2147483647;
			files = (
				B5979C3924487412004A2375 /* InstargramAppUITests.swift in Sources */,
			);
			runOnlyForDeploymentPostprocessing = 0;
		};
/* End PBXSourcesBuildPhase section */

/* Begin PBXTargetDependency section */
		B5979C2B24487412004A2375 /* PBXTargetDependency */ = {
			isa = PBXTargetDependency;
			target = B5979C0F2448740E004A2375 /* InstargramApp */;
			targetProxy = B5979C2A24487412004A2375 /* PBXContainerItemProxy */;
		};
		B5979C3624487412004A2375 /* PBXTargetDependency */ = {
			isa = PBXTargetDependency;
			target = B5979C0F2448740E004A2375 /* InstargramApp */;
			targetProxy = B5979C3524487412004A2375 /* PBXContainerItemProxy */;
		};
/* End PBXTargetDependency section */

/* Begin PBXVariantGroup section */
		4896B748245676F20025CDD7 /* MainHome.storyboard */ = {
			isa = PBXVariantGroup;
			children = (
				4896B749245676F20025CDD7 /* Base */,
			);
			name = MainHome.storyboard;
			sourceTree = "<group>";
		};
		B5979C2124487411004A2375 /* LaunchScreen.storyboard */ = {
			isa = PBXVariantGroup;
			children = (
				B5979C2224487411004A2375 /* Base */,
			);
			name = LaunchScreen.storyboard;
			sourceTree = "<group>";
		};
/* End PBXVariantGroup section */

/* Begin XCBuildConfiguration section */
		B5979C3B24487412004A2375 /* Debug */ = {
			isa = XCBuildConfiguration;
			buildSettings = {
				ALWAYS_SEARCH_USER_PATHS = NO;
				CLANG_ANALYZER_NONNULL = YES;
				CLANG_ANALYZER_NUMBER_OBJECT_CONVERSION = YES_AGGRESSIVE;
				CLANG_CXX_LANGUAGE_STANDARD = "gnu++14";
				CLANG_CXX_LIBRARY = "libc++";
				CLANG_ENABLE_MODULES = YES;
				CLANG_ENABLE_OBJC_ARC = YES;
				CLANG_ENABLE_OBJC_WEAK = YES;
				CLANG_WARN_BLOCK_CAPTURE_AUTORELEASING = YES;
				CLANG_WARN_BOOL_CONVERSION = YES;
				CLANG_WARN_COMMA = YES;
				CLANG_WARN_CONSTANT_CONVERSION = YES;
				CLANG_WARN_DEPRECATED_OBJC_IMPLEMENTATIONS = YES;
				CLANG_WARN_DIRECT_OBJC_ISA_USAGE = YES_ERROR;
				CLANG_WARN_DOCUMENTATION_COMMENTS = YES;
				CLANG_WARN_EMPTY_BODY = YES;
				CLANG_WARN_ENUM_CONVERSION = YES;
				CLANG_WARN_INFINITE_RECURSION = YES;
				CLANG_WARN_INT_CONVERSION = YES;
				CLANG_WARN_NON_LITERAL_NULL_CONVERSION = YES;
				CLANG_WARN_OBJC_IMPLICIT_RETAIN_SELF = YES;
				CLANG_WARN_OBJC_LITERAL_CONVERSION = YES;
				CLANG_WARN_OBJC_ROOT_CLASS = YES_ERROR;
				CLANG_WARN_RANGE_LOOP_ANALYSIS = YES;
				CLANG_WARN_STRICT_PROTOTYPES = YES;
				CLANG_WARN_SUSPICIOUS_MOVE = YES;
				CLANG_WARN_UNGUARDED_AVAILABILITY = YES_AGGRESSIVE;
				CLANG_WARN_UNREACHABLE_CODE = YES;
				CLANG_WARN__DUPLICATE_METHOD_MATCH = YES;
				COPY_PHASE_STRIP = NO;
				DEBUG_INFORMATION_FORMAT = dwarf;
				ENABLE_STRICT_OBJC_MSGSEND = YES;
				ENABLE_TESTABILITY = YES;
				GCC_C_LANGUAGE_STANDARD = gnu11;
				GCC_DYNAMIC_NO_PIC = NO;
				GCC_NO_COMMON_BLOCKS = YES;
				GCC_OPTIMIZATION_LEVEL = 0;
				GCC_PREPROCESSOR_DEFINITIONS = (
					"DEBUG=1",
					"$(inherited)",
				);
				GCC_WARN_64_TO_32_BIT_CONVERSION = YES;
				GCC_WARN_ABOUT_RETURN_TYPE = YES_ERROR;
				GCC_WARN_UNDECLARED_SELECTOR = YES;
				GCC_WARN_UNINITIALIZED_AUTOS = YES_AGGRESSIVE;
				GCC_WARN_UNUSED_FUNCTION = YES;
				GCC_WARN_UNUSED_VARIABLE = YES;
				IPHONEOS_DEPLOYMENT_TARGET = 13.2;
				MTL_ENABLE_DEBUG_INFO = INCLUDE_SOURCE;
				MTL_FAST_MATH = YES;
				ONLY_ACTIVE_ARCH = YES;
				SDKROOT = iphoneos;
				SWIFT_ACTIVE_COMPILATION_CONDITIONS = DEBUG;
				SWIFT_OPTIMIZATION_LEVEL = "-Onone";
			};
			name = Debug;
		};
		B5979C3C24487412004A2375 /* Release */ = {
			isa = XCBuildConfiguration;
			buildSettings = {
				ALWAYS_SEARCH_USER_PATHS = NO;
				CLANG_ANALYZER_NONNULL = YES;
				CLANG_ANALYZER_NUMBER_OBJECT_CONVERSION = YES_AGGRESSIVE;
				CLANG_CXX_LANGUAGE_STANDARD = "gnu++14";
				CLANG_CXX_LIBRARY = "libc++";
				CLANG_ENABLE_MODULES = YES;
				CLANG_ENABLE_OBJC_ARC = YES;
				CLANG_ENABLE_OBJC_WEAK = YES;
				CLANG_WARN_BLOCK_CAPTURE_AUTORELEASING = YES;
				CLANG_WARN_BOOL_CONVERSION = YES;
				CLANG_WARN_COMMA = YES;
				CLANG_WARN_CONSTANT_CONVERSION = YES;
				CLANG_WARN_DEPRECATED_OBJC_IMPLEMENTATIONS = YES;
				CLANG_WARN_DIRECT_OBJC_ISA_USAGE = YES_ERROR;
				CLANG_WARN_DOCUMENTATION_COMMENTS = YES;
				CLANG_WARN_EMPTY_BODY = YES;
				CLANG_WARN_ENUM_CONVERSION = YES;
				CLANG_WARN_INFINITE_RECURSION = YES;
				CLANG_WARN_INT_CONVERSION = YES;
				CLANG_WARN_NON_LITERAL_NULL_CONVERSION = YES;
				CLANG_WARN_OBJC_IMPLICIT_RETAIN_SELF = YES;
				CLANG_WARN_OBJC_LITERAL_CONVERSION = YES;
				CLANG_WARN_OBJC_ROOT_CLASS = YES_ERROR;
				CLANG_WARN_RANGE_LOOP_ANALYSIS = YES;
				CLANG_WARN_STRICT_PROTOTYPES = YES;
				CLANG_WARN_SUSPICIOUS_MOVE = YES;
				CLANG_WARN_UNGUARDED_AVAILABILITY = YES_AGGRESSIVE;
				CLANG_WARN_UNREACHABLE_CODE = YES;
				CLANG_WARN__DUPLICATE_METHOD_MATCH = YES;
				COPY_PHASE_STRIP = NO;
				DEBUG_INFORMATION_FORMAT = "dwarf-with-dsym";
				ENABLE_NS_ASSERTIONS = NO;
				ENABLE_STRICT_OBJC_MSGSEND = YES;
				GCC_C_LANGUAGE_STANDARD = gnu11;
				GCC_NO_COMMON_BLOCKS = YES;
				GCC_WARN_64_TO_32_BIT_CONVERSION = YES;
				GCC_WARN_ABOUT_RETURN_TYPE = YES_ERROR;
				GCC_WARN_UNDECLARED_SELECTOR = YES;
				GCC_WARN_UNINITIALIZED_AUTOS = YES_AGGRESSIVE;
				GCC_WARN_UNUSED_FUNCTION = YES;
				GCC_WARN_UNUSED_VARIABLE = YES;
				IPHONEOS_DEPLOYMENT_TARGET = 13.2;
				MTL_ENABLE_DEBUG_INFO = NO;
				MTL_FAST_MATH = YES;
				SDKROOT = iphoneos;
				SWIFT_COMPILATION_MODE = wholemodule;
				SWIFT_OPTIMIZATION_LEVEL = "-O";
				VALIDATE_PRODUCT = YES;
			};
			name = Release;
		};
		B5979C3E24487412004A2375 /* Debug */ = {
			isa = XCBuildConfiguration;
			baseConfigurationReference = 3E3889CFF24CAAC2042C1478 /* Pods-InstargramApp.debug.xcconfig */;
			buildSettings = {
				ASSETCATALOG_COMPILER_APPICON_NAME = AppIcon;
				CODE_SIGN_STYLE = Automatic;
				DEVELOPMENT_TEAM = M3T88XE4NP;
				INFOPLIST_FILE = InstargramApp/Info.plist;
				IPHONEOS_DEPLOYMENT_TARGET = 13.0;
				LD_RUNPATH_SEARCH_PATHS = (
					"$(inherited)",
					"@executable_path/Frameworks",
				);
				PRODUCT_BUNDLE_IDENTIFIER = TuanCuong.InstargramApp;
				PRODUCT_NAME = "$(TARGET_NAME)";
				SWIFT_VERSION = 5.0;
				TARGETED_DEVICE_FAMILY = 1;
			};
			name = Debug;
		};
		B5979C3F24487412004A2375 /* Release */ = {
			isa = XCBuildConfiguration;
			baseConfigurationReference = 3DD07E83588E5AA4D08EBC43 /* Pods-InstargramApp.release.xcconfig */;
			buildSettings = {
				ASSETCATALOG_COMPILER_APPICON_NAME = AppIcon;
				CODE_SIGN_STYLE = Automatic;
				DEVELOPMENT_TEAM = M3T88XE4NP;
				INFOPLIST_FILE = InstargramApp/Info.plist;
				IPHONEOS_DEPLOYMENT_TARGET = 13.0;
				LD_RUNPATH_SEARCH_PATHS = (
					"$(inherited)",
					"@executable_path/Frameworks",
				);
				PRODUCT_BUNDLE_IDENTIFIER = TuanCuong.InstargramApp;
				PRODUCT_NAME = "$(TARGET_NAME)";
				SWIFT_VERSION = 5.0;
				TARGETED_DEVICE_FAMILY = 1;
			};
			name = Release;
		};
		B5979C4124487412004A2375 /* Debug */ = {
			isa = XCBuildConfiguration;
			baseConfigurationReference = 532FD3E2500719A5F9C18FA8 /* Pods-InstargramAppTests.debug.xcconfig */;
			buildSettings = {
				ALWAYS_EMBED_SWIFT_STANDARD_LIBRARIES = YES;
				BUNDLE_LOADER = "$(TEST_HOST)";
				CODE_SIGN_STYLE = Automatic;
				DEVELOPMENT_TEAM = M3T88XE4NP;
				INFOPLIST_FILE = InstargramAppTests/Info.plist;
				IPHONEOS_DEPLOYMENT_TARGET = 13.2;
				LD_RUNPATH_SEARCH_PATHS = (
					"$(inherited)",
					"@executable_path/Frameworks",
					"@loader_path/Frameworks",
				);
				PRODUCT_BUNDLE_IDENTIFIER = TuanCuong.InstargramAppTests;
				PRODUCT_NAME = "$(TARGET_NAME)";
				SWIFT_VERSION = 5.0;
				TARGETED_DEVICE_FAMILY = "1,2";
				TEST_HOST = "$(BUILT_PRODUCTS_DIR)/InstargramApp.app/InstargramApp";
			};
			name = Debug;
		};
		B5979C4224487412004A2375 /* Release */ = {
			isa = XCBuildConfiguration;
			baseConfigurationReference = 8C3C3A728D1FEA219C2036DC /* Pods-InstargramAppTests.release.xcconfig */;
			buildSettings = {
				ALWAYS_EMBED_SWIFT_STANDARD_LIBRARIES = YES;
				BUNDLE_LOADER = "$(TEST_HOST)";
				CODE_SIGN_STYLE = Automatic;
				DEVELOPMENT_TEAM = M3T88XE4NP;
				INFOPLIST_FILE = InstargramAppTests/Info.plist;
				IPHONEOS_DEPLOYMENT_TARGET = 13.2;
				LD_RUNPATH_SEARCH_PATHS = (
					"$(inherited)",
					"@executable_path/Frameworks",
					"@loader_path/Frameworks",
				);
				PRODUCT_BUNDLE_IDENTIFIER = TuanCuong.InstargramAppTests;
				PRODUCT_NAME = "$(TARGET_NAME)";
				SWIFT_VERSION = 5.0;
				TARGETED_DEVICE_FAMILY = "1,2";
				TEST_HOST = "$(BUILT_PRODUCTS_DIR)/InstargramApp.app/InstargramApp";
			};
			name = Release;
		};
		B5979C4424487412004A2375 /* Debug */ = {
			isa = XCBuildConfiguration;
			baseConfigurationReference = 81FD839871A6208C61D56C71 /* Pods-InstargramApp-InstargramAppUITests.debug.xcconfig */;
			buildSettings = {
				ALWAYS_EMBED_SWIFT_STANDARD_LIBRARIES = YES;
				CODE_SIGN_STYLE = Automatic;
				DEVELOPMENT_TEAM = M3T88XE4NP;
				INFOPLIST_FILE = InstargramAppUITests/Info.plist;
				LD_RUNPATH_SEARCH_PATHS = (
					"$(inherited)",
					"@executable_path/Frameworks",
					"@loader_path/Frameworks",
				);
				PRODUCT_BUNDLE_IDENTIFIER = TuanCuong.InstargramAppUITests;
				PRODUCT_NAME = "$(TARGET_NAME)";
				SWIFT_VERSION = 5.0;
				TARGETED_DEVICE_FAMILY = "1,2";
				TEST_TARGET_NAME = InstargramApp;
			};
			name = Debug;
		};
		B5979C4524487412004A2375 /* Release */ = {
			isa = XCBuildConfiguration;
			baseConfigurationReference = C93E27CEDAE0CB436B5C7FEE /* Pods-InstargramApp-InstargramAppUITests.release.xcconfig */;
			buildSettings = {
				ALWAYS_EMBED_SWIFT_STANDARD_LIBRARIES = YES;
				CODE_SIGN_STYLE = Automatic;
				DEVELOPMENT_TEAM = M3T88XE4NP;
				INFOPLIST_FILE = InstargramAppUITests/Info.plist;
				LD_RUNPATH_SEARCH_PATHS = (
					"$(inherited)",
					"@executable_path/Frameworks",
					"@loader_path/Frameworks",
				);
				PRODUCT_BUNDLE_IDENTIFIER = TuanCuong.InstargramAppUITests;
				PRODUCT_NAME = "$(TARGET_NAME)";
				SWIFT_VERSION = 5.0;
				TARGETED_DEVICE_FAMILY = "1,2";
				TEST_TARGET_NAME = InstargramApp;
			};
			name = Release;
		};
/* End XCBuildConfiguration section */

/* Begin XCConfigurationList section */
		B5979C0B2448740E004A2375 /* Build configuration list for PBXProject "InstargramApp" */ = {
			isa = XCConfigurationList;
			buildConfigurations = (
				B5979C3B24487412004A2375 /* Debug */,
				B5979C3C24487412004A2375 /* Release */,
			);
			defaultConfigurationIsVisible = 0;
			defaultConfigurationName = Release;
		};
		B5979C3D24487412004A2375 /* Build configuration list for PBXNativeTarget "InstargramApp" */ = {
			isa = XCConfigurationList;
			buildConfigurations = (
				B5979C3E24487412004A2375 /* Debug */,
				B5979C3F24487412004A2375 /* Release */,
			);
			defaultConfigurationIsVisible = 0;
			defaultConfigurationName = Release;
		};
		B5979C4024487412004A2375 /* Build configuration list for PBXNativeTarget "InstargramAppTests" */ = {
			isa = XCConfigurationList;
			buildConfigurations = (
				B5979C4124487412004A2375 /* Debug */,
				B5979C4224487412004A2375 /* Release */,
			);
			defaultConfigurationIsVisible = 0;
			defaultConfigurationName = Release;
		};
		B5979C4324487412004A2375 /* Build configuration list for PBXNativeTarget "InstargramAppUITests" */ = {
			isa = XCConfigurationList;
			buildConfigurations = (
				B5979C4424487412004A2375 /* Debug */,
				B5979C4524487412004A2375 /* Release */,
			);
			defaultConfigurationIsVisible = 0;
			defaultConfigurationName = Release;
		};
/* End XCConfigurationList section */

/* Begin XCVersionGroup section */
		B5979C1C2448740E004A2375 /* InstargramApp.xcdatamodeld */ = {
			isa = XCVersionGroup;
			children = (
				B5979C1D2448740E004A2375 /* InstargramApp.xcdatamodel */,
			);
			currentVersion = B5979C1D2448740E004A2375 /* InstargramApp.xcdatamodel */;
			path = InstargramApp.xcdatamodeld;
			sourceTree = "<group>";
			versionGroupType = wrapper.xcdatamodel;
		};
/* End XCVersionGroup section */
	};
	rootObject = B5979C082448740E004A2375 /* Project object */;
}
